// !$*UTF8*$!
{
	archiveVersion = 1;
	classes = {
	};
	objectVersion = 46;
	objects = {

/* Begin PBXBuildFile section */
		263C348C19468D0000A42495 /* Foundation.framework in Frameworks */ = {isa = PBXBuildFile; fileRef = 263C348B19468D0000A42495 /* Foundation.framework */; };
		263C348E19468D0000A42495 /* CoreGraphics.framework in Frameworks */ = {isa = PBXBuildFile; fileRef = 263C348D19468D0000A42495 /* CoreGraphics.framework */; };
		263C349019468D0000A42495 /* UIKit.framework in Frameworks */ = {isa = PBXBuildFile; fileRef = 263C348F19468D0000A42495 /* UIKit.framework */; };
		263C349619468D0000A42495 /* InfoPlist.strings in Resources */ = {isa = PBXBuildFile; fileRef = 263C349419468D0000A42495 /* InfoPlist.strings */; };
		263C349819468D0000A42495 /* main.m in Sources */ = {isa = PBXBuildFile; fileRef = 263C349719468D0000A42495 /* main.m */; };
		263C349C19468D0000A42495 /* EEAppDelegate.m in Sources */ = {isa = PBXBuildFile; fileRef = 263C349B19468D0000A42495 /* EEAppDelegate.m */; };
		263C349F19468D0000A42495 /* Main.storyboard in Resources */ = {isa = PBXBuildFile; fileRef = 263C349D19468D0000A42495 /* Main.storyboard */; };
		263C34A219468D0000A42495 /* EEViewController.m in Sources */ = {isa = PBXBuildFile; fileRef = 263C34A119468D0000A42495 /* EEViewController.m */; };
		263C34A419468D0000A42495 /* Images.xcassets in Resources */ = {isa = PBXBuildFile; fileRef = 263C34A319468D0000A42495 /* Images.xcassets */; };
		263C34AB19468D0000A42495 /* XCTest.framework in Frameworks */ = {isa = PBXBuildFile; fileRef = 263C34AA19468D0000A42495 /* XCTest.framework */; };
		263C34AC19468D0000A42495 /* Foundation.framework in Frameworks */ = {isa = PBXBuildFile; fileRef = 263C348B19468D0000A42495 /* Foundation.framework */; };
		263C34AD19468D0000A42495 /* UIKit.framework in Frameworks */ = {isa = PBXBuildFile; fileRef = 263C348F19468D0000A42495 /* UIKit.framework */; };
		263C34B519468D0000A42495 /* InfoPlist.strings in Resources */ = {isa = PBXBuildFile; fileRef = 263C34B319468D0000A42495 /* InfoPlist.strings */; };
		263C34B719468D0000A42495 /* PlaylistTests.m in Sources */ = {isa = PBXBuildFile; fileRef = 263C34B619468D0000A42495 /* PlaylistTests.m */; };
		263C34C219468F1A00A42495 /* EETrack.m in Sources */ = {isa = PBXBuildFile; fileRef = 263C34C119468F1A00A42495 /* EETrack.m */; };
		45AF2D38D09B45AC8E20C119 /* libPods.a in Frameworks */ = {isa = PBXBuildFile; fileRef = 4B42FD433169496AA77A5395 /* libPods.a */; };
/* End PBXBuildFile section */

/* Begin PBXContainerItemProxy section */
		263C34AE19468D0000A42495 /* PBXContainerItemProxy */ = {
			isa = PBXContainerItemProxy;
			containerPortal = 263C348019468D0000A42495 /* Project object */;
			proxyType = 1;
			remoteGlobalIDString = 263C348719468D0000A42495;
			remoteInfo = Playlist;
		};
/* End PBXContainerItemProxy section */

/* Begin PBXFileReference section */
		263C348819468D0000A42495 /* Playlist.app */ = {isa = PBXFileReference; explicitFileType = wrapper.application; includeInIndex = 0; path = Playlist.app; sourceTree = BUILT_PRODUCTS_DIR; };
		263C348B19468D0000A42495 /* Foundation.framework */ = {isa = PBXFileReference; lastKnownFileType = wrapper.framework; name = Foundation.framework; path = System/Library/Frameworks/Foundation.framework; sourceTree = SDKROOT; };
		263C348D19468D0000A42495 /* CoreGraphics.framework */ = {isa = PBXFileReference; lastKnownFileType = wrapper.framework; name = CoreGraphics.framework; path = System/Library/Frameworks/CoreGraphics.framework; sourceTree = SDKROOT; };
		263C348F19468D0000A42495 /* UIKit.framework */ = {isa = PBXFileReference; lastKnownFileType = wrapper.framework; name = UIKit.framework; path = System/Library/Frameworks/UIKit.framework; sourceTree = SDKROOT; };
		263C349319468D0000A42495 /* Playlist-Info.plist */ = {isa = PBXFileReference; lastKnownFileType = text.plist.xml; path = "Playlist-Info.plist"; sourceTree = "<group>"; };
		263C349519468D0000A42495 /* en */ = {isa = PBXFileReference; lastKnownFileType = text.plist.strings; name = en; path = en.lproj/InfoPlist.strings; sourceTree = "<group>"; };
		263C349719468D0000A42495 /* main.m */ = {isa = PBXFileReference; lastKnownFileType = sourcecode.c.objc; path = main.m; sourceTree = "<group>"; };
		263C349919468D0000A42495 /* Playlist-Prefix.pch */ = {isa = PBXFileReference; lastKnownFileType = sourcecode.c.h; path = "Playlist-Prefix.pch"; sourceTree = "<group>"; };
		263C349A19468D0000A42495 /* EEAppDelegate.h */ = {isa = PBXFileReference; lastKnownFileType = sourcecode.c.h; path = EEAppDelegate.h; sourceTree = "<group>"; };
		263C349B19468D0000A42495 /* EEAppDelegate.m */ = {isa = PBXFileReference; lastKnownFileType = sourcecode.c.objc; path = EEAppDelegate.m; sourceTree = "<group>"; };
		263C349E19468D0000A42495 /* Base */ = {isa = PBXFileReference; lastKnownFileType = file.storyboard; name = Base; path = Base.lproj/Main.storyboard; sourceTree = "<group>"; };
		263C34A019468D0000A42495 /* EEViewController.h */ = {isa = PBXFileReference; lastKnownFileType = sourcecode.c.h; path = EEViewController.h; sourceTree = "<group>"; };
		263C34A119468D0000A42495 /* EEViewController.m */ = {isa = PBXFileReference; lastKnownFileType = sourcecode.c.objc; path = EEViewController.m; sourceTree = "<group>"; };
		263C34A319468D0000A42495 /* Images.xcassets */ = {isa = PBXFileReference; lastKnownFileType = folder.assetcatalog; path = Images.xcassets; sourceTree = "<group>"; };
		263C34A919468D0000A42495 /* PlaylistTests.xctest */ = {isa = PBXFileReference; explicitFileType = wrapper.cfbundle; includeInIndex = 0; path = PlaylistTests.xctest; sourceTree = BUILT_PRODUCTS_DIR; };
		263C34AA19468D0000A42495 /* XCTest.framework */ = {isa = PBXFileReference; lastKnownFileType = wrapper.framework; name = XCTest.framework; path = Library/Frameworks/XCTest.framework; sourceTree = DEVELOPER_DIR; };
		263C34B219468D0000A42495 /* PlaylistTests-Info.plist */ = {isa = PBXFileReference; lastKnownFileType = text.plist.xml; path = "PlaylistTests-Info.plist"; sourceTree = "<group>"; };
		263C34B419468D0000A42495 /* en */ = {isa = PBXFileReference; lastKnownFileType = text.plist.strings; name = en; path = en.lproj/InfoPlist.strings; sourceTree = "<group>"; };
		263C34B619468D0000A42495 /* PlaylistTests.m */ = {isa = PBXFileReference; lastKnownFileType = sourcecode.c.objc; path = PlaylistTests.m; sourceTree = "<group>"; };
		263C34C019468F1A00A42495 /* EETrack.h */ = {isa = PBXFileReference; fileEncoding = 4; lastKnownFileType = sourcecode.c.h; path = EETrack.h; sourceTree = "<group>"; };
		263C34C119468F1A00A42495 /* EETrack.m */ = {isa = PBXFileReference; fileEncoding = 4; lastKnownFileType = sourcecode.c.objc; path = EETrack.m; sourceTree = "<group>"; };
		4B42FD433169496AA77A5395 /* libPods.a */ = {isa = PBXFileReference; explicitFileType = archive.ar; includeInIndex = 0; path = libPods.a; sourceTree = BUILT_PRODUCTS_DIR; };
		8A7C8C5B844CD27AB9C36729 /* Pods.debug.xcconfig */ = {isa = PBXFileReference; includeInIndex = 1; lastKnownFileType = text.xcconfig; name = Pods.debug.xcconfig; path = "Pods/Target Support Files/Pods/Pods.debug.xcconfig"; sourceTree = "<group>"; };
		E0A03A52533919D26B423515 /* Pods.release.xcconfig */ = {isa = PBXFileReference; includeInIndex = 1; lastKnownFileType = text.xcconfig; name = Pods.release.xcconfig; path = "Pods/Target Support Files/Pods/Pods.release.xcconfig"; sourceTree = "<group>"; };
/* End PBXFileReference section */

/* Begin PBXFrameworksBuildPhase section */
		263C348519468D0000A42495 /* Frameworks */ = {
			isa = PBXFrameworksBuildPhase;
			buildActionMask = 2147483647;
			files = (
				263C348E19468D0000A42495 /* CoreGraphics.framework in Frameworks */,
				263C349019468D0000A42495 /* UIKit.framework in Frameworks */,
				263C348C19468D0000A42495 /* Foundation.framework in Frameworks */,
				45AF2D38D09B45AC8E20C119 /* libPods.a in Frameworks */,
			);
			runOnlyForDeploymentPostprocessing = 0;
		};
		263C34A619468D0000A42495 /* Frameworks */ = {
			isa = PBXFrameworksBuildPhase;
			buildActionMask = 2147483647;
			files = (
				263C34AB19468D0000A42495 /* XCTest.framework in Frameworks */,
				263C34AD19468D0000A42495 /* UIKit.framework in Frameworks */,
				263C34AC19468D0000A42495 /* Foundation.framework in Frameworks */,
			);
			runOnlyForDeploymentPostprocessing = 0;
		};
/* End PBXFrameworksBuildPhase section */

/* Begin PBXGroup section */
		01F80673207157385B546C98 /* Pods */ = {
			isa = PBXGroup;
			children = (
				8A7C8C5B844CD27AB9C36729 /* Pods.debug.xcconfig */,
				E0A03A52533919D26B423515 /* Pods.release.xcconfig */,
			);
			name = Pods;
			sourceTree = "<group>";
		};
		263C347F19468D0000A42495 = {
			isa = PBXGroup;
			children = (
				263C349119468D0000A42495 /* Playlist */,
				263C34B019468D0000A42495 /* PlaylistTests */,
				263C348A19468D0000A42495 /* Frameworks */,
				263C348919468D0000A42495 /* Products */,
				01F80673207157385B546C98 /* Pods */,
			);
			sourceTree = "<group>";
		};
		263C348919468D0000A42495 /* Products */ = {
			isa = PBXGroup;
			children = (
				263C348819468D0000A42495 /* Playlist.app */,
				263C34A919468D0000A42495 /* PlaylistTests.xctest */,
			);
			name = Products;
			sourceTree = "<group>";
		};
		263C348A19468D0000A42495 /* Frameworks */ = {
			isa = PBXGroup;
			children = (
				263C348B19468D0000A42495 /* Foundation.framework */,
				263C348D19468D0000A42495 /* CoreGraphics.framework */,
				263C348F19468D0000A42495 /* UIKit.framework */,
				263C34AA19468D0000A42495 /* XCTest.framework */,
				4B42FD433169496AA77A5395 /* libPods.a */,
			);
			name = Frameworks;
			sourceTree = "<group>";
		};
		263C349119468D0000A42495 /* Playlist */ = {
			isa = PBXGroup;
			children = (
				263C34A319468D0000A42495 /* Images.xcassets */,
				263C349219468D0000A42495 /* Supporting Files */,
				263C349A19468D0000A42495 /* EEAppDelegate.h */,
				263C349B19468D0000A42495 /* EEAppDelegate.m */,
				263C349D19468D0000A42495 /* Main.storyboard */,
				263C34A019468D0000A42495 /* EEViewController.h */,
				263C34A119468D0000A42495 /* EEViewController.m */,
				263C34C019468F1A00A42495 /* EETrack.h */,
				263C34C119468F1A00A42495 /* EETrack.m */,
			);
			path = Playlist;
			sourceTree = "<group>";
		};
		263C349219468D0000A42495 /* Supporting Files */ = {
			isa = PBXGroup;
			children = (
				263C349319468D0000A42495 /* Playlist-Info.plist */,
				263C349419468D0000A42495 /* InfoPlist.strings */,
				263C349719468D0000A42495 /* main.m */,
				263C349919468D0000A42495 /* Playlist-Prefix.pch */,
			);
			name = "Supporting Files";
			sourceTree = "<group>";
		};
		263C34B019468D0000A42495 /* PlaylistTests */ = {
			isa = PBXGroup;
			children = (
				263C34B619468D0000A42495 /* PlaylistTests.m */,
				263C34B119468D0000A42495 /* Supporting Files */,
			);
			path = PlaylistTests;
			sourceTree = "<group>";
		};
		263C34B119468D0000A42495 /* Supporting Files */ = {
			isa = PBXGroup;
			children = (
				263C34B219468D0000A42495 /* PlaylistTests-Info.plist */,
				263C34B319468D0000A42495 /* InfoPlist.strings */,
			);
			name = "Supporting Files";
			sourceTree = "<group>";
		};
/* End PBXGroup section */

/* Begin PBXNativeTarget section */
		263C348719468D0000A42495 /* Playlist */ = {
			isa = PBXNativeTarget;
			buildConfigurationList = 263C34BA19468D0000A42495 /* Build configuration list for PBXNativeTarget "Playlist" */;
			buildPhases = (
				1D6CE60CA6A14F9192EFC448 /* Check Pods Manifest.lock */,
				263C348419468D0000A42495 /* Sources */,
				263C348519468D0000A42495 /* Frameworks */,
				263C348619468D0000A42495 /* Resources */,
				EF39F2DD9E7643E3AA2EA175 /* Copy Pods Resources */,
			);
			buildRules = (
			);
			dependencies = (
			);
			name = Playlist;
			productName = Playlist;
			productReference = 263C348819468D0000A42495 /* Playlist.app */;
			productType = "com.apple.product-type.application";
		};
		263C34A819468D0000A42495 /* PlaylistTests */ = {
			isa = PBXNativeTarget;
			buildConfigurationList = 263C34BD19468D0000A42495 /* Build configuration list for PBXNativeTarget "PlaylistTests" */;
			buildPhases = (
				263C34A519468D0000A42495 /* Sources */,
				263C34A619468D0000A42495 /* Frameworks */,
				263C34A719468D0000A42495 /* Resources */,
			);
			buildRules = (
			);
			dependencies = (
				263C34AF19468D0000A42495 /* PBXTargetDependency */,
			);
			name = PlaylistTests;
			productName = PlaylistTests;
			productReference = 263C34A919468D0000A42495 /* PlaylistTests.xctest */;
			productType = "com.apple.product-type.bundle.unit-test";
		};
/* End PBXNativeTarget section */

/* Begin PBXProject section */
		263C348019468D0000A42495 /* Project object */ = {
			isa = PBXProject;
			attributes = {
				CLASSPREFIX = EE;
				LastUpgradeCheck = 0510;
				ORGANIZATIONNAME = 88nine;
				TargetAttributes = {
					263C34A819468D0000A42495 = {
						TestTargetID = 263C348719468D0000A42495;
					};
				};
			};
			buildConfigurationList = 263C348319468D0000A42495 /* Build configuration list for PBXProject "Playlist" */;
			compatibilityVersion = "Xcode 3.2";
			developmentRegion = English;
			hasScannedForEncodings = 0;
			knownRegions = (
				en,
				Base,
			);
			mainGroup = 263C347F19468D0000A42495;
			productRefGroup = 263C348919468D0000A42495 /* Products */;
			projectDirPath = "";
			projectRoot = "";
			targets = (
				263C348719468D0000A42495 /* Playlist */,
				263C34A819468D0000A42495 /* PlaylistTests */,
			);
		};
/* End PBXProject section */

/* Begin PBXResourcesBuildPhase section */
		263C348619468D0000A42495 /* Resources */ = {
			isa = PBXResourcesBuildPhase;
			buildActionMask = 2147483647;
			files = (
				263C34A419468D0000A42495 /* Images.xcassets in Resources */,
				263C349619468D0000A42495 /* InfoPlist.strings in Resources */,
				263C349F19468D0000A42495 /* Main.storyboard in Resources */,
			);
			runOnlyForDeploymentPostprocessing = 0;
		};
		263C34A719468D0000A42495 /* Resources */ = {
			isa = PBXResourcesBuildPhase;
			buildActionMask = 2147483647;
			files = (
				263C34B519468D0000A42495 /* InfoPlist.strings in Resources */,
			);
			runOnlyForDeploymentPostprocessing = 0;
		};
/* End PBXResourcesBuildPhase section */

/* Begin PBXShellScriptBuildPhase section */
		1D6CE60CA6A14F9192EFC448 /* Check Pods Manifest.lock */ = {
			isa = PBXShellScriptBuildPhase;
			buildActionMask = 2147483647;
			files = (
			);
			inputPaths = (
			);
			name = "Check Pods Manifest.lock";
			outputPaths = (
			);
			runOnlyForDeploymentPostprocessing = 0;
			shellPath = /bin/sh;
			shellScript = "diff \"${PODS_ROOT}/../Podfile.lock\" \"${PODS_ROOT}/Manifest.lock\" > /dev/null\nif [[ $? != 0 ]] ; then\n    cat << EOM\nerror: The sandbox is not in sync with the Podfile.lock. Run 'pod install' or update your CocoaPods installation.\nEOM\n    exit 1\nfi\n";
			showEnvVarsInLog = 0;
		};
		EF39F2DD9E7643E3AA2EA175 /* Copy Pods Resources */ = {
			isa = PBXShellScriptBuildPhase;
			buildActionMask = 2147483647;
			files = (
			);
			inputPaths = (
			);
			name = "Copy Pods Resources";
			outputPaths = (
			);
			runOnlyForDeploymentPostprocessing = 0;
			shellPath = /bin/sh;
			shellScript = "\"${SRCROOT}/Pods/Target Support Files/Pods/Pods-resources.sh\"\n";
			showEnvVarsInLog = 0;
		};
/* End PBXShellScriptBuildPhase section */

/* Begin PBXSourcesBuildPhase section */
		263C348419468D0000A42495 /* Sources */ = {
			isa = PBXSourcesBuildPhase;
			buildActionMask = 2147483647;
			files = (
				263C34A219468D0000A42495 /* EEViewController.m in Sources */,
				263C349C19468D0000A42495 /* EEAppDelegate.m in Sources */,
				263C349819468D0000A42495 /* main.m in Sources */,
				263C34C219468F1A00A42495 /* EETrack.m in Sources */,
			);
			runOnlyForDeploymentPostprocessing = 0;
		};
		263C34A519468D0000A42495 /* Sources */ = {
			isa = PBXSourcesBuildPhase;
			buildActionMask = 2147483647;
			files = (
				263C34B719468D0000A42495 /* PlaylistTests.m in Sources */,
			);
			runOnlyForDeploymentPostprocessing = 0;
		};
/* End PBXSourcesBuildPhase section */

/* Begin PBXTargetDependency section */
		263C34AF19468D0000A42495 /* PBXTargetDependency */ = {
			isa = PBXTargetDependency;
			target = 263C348719468D0000A42495 /* Playlist */;
			targetProxy = 263C34AE19468D0000A42495 /* PBXContainerItemProxy */;
		};
/* End PBXTargetDependency section */

/* Begin PBXVariantGroup section */
		263C349419468D0000A42495 /* InfoPlist.strings */ = {
			isa = PBXVariantGroup;
			children = (
				263C349519468D0000A42495 /* en */,
			);
			name = InfoPlist.strings;
			sourceTree = "<group>";
		};
		263C349D19468D0000A42495 /* Main.storyboard */ = {
			isa = PBXVariantGroup;
			children = (
				263C349E19468D0000A42495 /* Base */,
			);
			name = Main.storyboard;
			sourceTree = "<group>";
		};
		263C34B319468D0000A42495 /* InfoPlist.strings */ = {
			isa = PBXVariantGroup;
			children = (
				263C34B419468D0000A42495 /* en */,
			);
			name = InfoPlist.strings;
			sourceTree = "<group>";
		};
/* End PBXVariantGroup section */

/* Begin XCBuildConfiguration section */
		263C34B819468D0000A42495 /* Debug */ = {
			isa = XCBuildConfiguration;
			buildSettings = {
				ALWAYS_SEARCH_USER_PATHS = NO;
				CLANG_CXX_LANGUAGE_STANDARD = "gnu++0x";
				CLANG_CXX_LIBRARY = "libc++";
				CLANG_ENABLE_MODULES = YES;
				CLANG_ENABLE_OBJC_ARC = YES;
				CLANG_WARN_BOOL_CONVERSION = YES;
				CLANG_WARN_CONSTANT_CONVERSION = YES;
				CLANG_WARN_DIRECT_OBJC_ISA_USAGE = YES_ERROR;
				CLANG_WARN_EMPTY_BODY = YES;
				CLANG_WARN_ENUM_CONVERSION = YES;
				CLANG_WARN_INT_CONVERSION = YES;
				CLANG_WARN_OBJC_ROOT_CLASS = YES_ERROR;
				CLANG_WARN__DUPLICATE_METHOD_MATCH = YES;
				"CODE_SIGN_IDENTITY[sdk=iphoneos*]" = "iPhone Developer";
				COPY_PHASE_STRIP = NO;
				GCC_C_LANGUAGE_STANDARD = gnu99;
				GCC_DYNAMIC_NO_PIC = NO;
				GCC_OPTIMIZATION_LEVEL = 0;
				GCC_PREPROCESSOR_DEFINITIONS = (
					"DEBUG=1",
					"$(inherited)",
				);
				GCC_SYMBOLS_PRIVATE_EXTERN = NO;
				GCC_WARN_64_TO_32_BIT_CONVERSION = YES;
				GCC_WARN_ABOUT_RETURN_TYPE = YES_ERROR;
				GCC_WARN_UNDECLARED_SELECTOR = YES;
				GCC_WARN_UNINITIALIZED_AUTOS = YES_AGGRESSIVE;
				GCC_WARN_UNUSED_FUNCTION = YES;
				GCC_WARN_UNUSED_VARIABLE = YES;
				IPHONEOS_DEPLOYMENT_TARGET = 7.1;
				ONLY_ACTIVE_ARCH = YES;
				SDKROOT = iphoneos;
			};
			name = Debug;
		};
		263C34B919468D0000A42495 /* Release */ = {
			isa = XCBuildConfiguration;
			buildSettings = {
				ALWAYS_SEARCH_USER_PATHS = NO;
				CLANG_CXX_LANGUAGE_STANDARD = "gnu++0x";
				CLANG_CXX_LIBRARY = "libc++";
				CLANG_ENABLE_MODULES = YES;
				CLANG_ENABLE_OBJC_ARC = YES;
				CLANG_WARN_BOOL_CONVERSION = YES;
				CLANG_WARN_CONSTANT_CONVERSION = YES;
				CLANG_WARN_DIRECT_OBJC_ISA_USAGE = YES_ERROR;
				CLANG_WARN_EMPTY_BODY = YES;
				CLANG_WARN_ENUM_CONVERSION = YES;
				CLANG_WARN_INT_CONVERSION = YES;
				CLANG_WARN_OBJC_ROOT_CLASS = YES_ERROR;
				CLANG_WARN__DUPLICATE_METHOD_MATCH = YES;
				"CODE_SIGN_IDENTITY[sdk=iphoneos*]" = "iPhone Developer";
				COPY_PHASE_STRIP = YES;
				ENABLE_NS_ASSERTIONS = NO;
				GCC_C_LANGUAGE_STANDARD = gnu99;
				GCC_WARN_64_TO_32_BIT_CONVERSION = YES;
				GCC_WARN_ABOUT_RETURN_TYPE = YES_ERROR;
				GCC_WARN_UNDECLARED_SELECTOR = YES;
				GCC_WARN_UNINITIALIZED_AUTOS = YES_AGGRESSIVE;
				GCC_WARN_UNUSED_FUNCTION = YES;
				GCC_WARN_UNUSED_VARIABLE = YES;
				IPHONEOS_DEPLOYMENT_TARGET = 7.1;
				SDKROOT = iphoneos;
				VALIDATE_PRODUCT = YES;
			};
			name = Release;
		};
		263C34BB19468D0000A42495 /* Debug */ = {
			isa = XCBuildConfiguration;
			baseConfigurationReference = 8A7C8C5B844CD27AB9C36729 /* Pods.debug.xcconfig */;
			buildSettings = {
				ASSETCATALOG_COMPILER_APPICON_NAME = AppIcon;
				ASSETCATALOG_COMPILER_LAUNCHIMAGE_NAME = LaunchImage;
				GCC_PRECOMPILE_PREFIX_HEADER = YES;
				GCC_PREFIX_HEADER = "Playlist/Playlist-Prefix.pch";
				INFOPLIST_FILE = "Playlist/Playlist-Info.plist";
				PRODUCT_NAME = "$(TARGET_NAME)";
				WRAPPER_EXTENSION = app;
			};
			name = Debug;
		};
		263C34BC19468D0000A42495 /* Release */ = {
			isa = XCBuildConfiguration;
			baseConfigurationReference = E0A03A52533919D26B423515 /* Pods.release.xcconfig */;
			buildSettings = {
				ASSETCATALOG_COMPILER_APPICON_NAME = AppIcon;
				ASSETCATALOG_COMPILER_LAUNCHIMAGE_NAME = LaunchImage;
				GCC_PRECOMPILE_PREFIX_HEADER = YES;
				GCC_PREFIX_HEADER = "Playlist/Playlist-Prefix.pch";
				INFOPLIST_FILE = "Playlist/Playlist-Info.plist";
				PRODUCT_NAME = "$(TARGET_NAME)";
				WRAPPER_EXTENSION = app;
			};
			name = Release;
		};
		263C34BE19468D0000A42495 /* Debug */ = {
			isa = XCBuildConfiguration;
			buildSettings = {
				BUNDLE_LOADER = "$(BUILT_PRODUCTS_DIR)/Playlist.app/Playlist";
				FRAMEWORK_SEARCH_PATHS = (
					"$(SDKROOT)/Developer/Library/Frameworks",
					"$(inherited)",
					"$(DEVELOPER_FRAMEWORKS_DIR)",
				);
				GCC_PRECOMPILE_PREFIX_HEADER = YES;
				GCC_PREFIX_HEADER = "Playlist/Playlist-Prefix.pch";
				GCC_PREPROCESSOR_DEFINITIONS = (
					"DEBUG=1",
					"$(inherited)",
				);
				INFOPLIST_FILE = "PlaylistTests/PlaylistTests-Info.plist";
				PRODUCT_NAME = "$(TARGET_NAME)";
				TEST_HOST = "$(BUNDLE_LOADER)";
				WRAPPER_EXTENSION = xctest;
			};
			name = Debug;
		};
		263C34BF19468D0000A42495 /* Release */ = {
			isa = XCBuildConfiguration;
			buildSettings = {
				BUNDLE_LOADER = "$(BUILT_PRODUCTS_DIR)/Playlist.app/Playlist";
				FRAMEWORK_SEARCH_PATHS = (
					"$(SDKROOT)/Developer/Library/Frameworks",
					"$(inherited)",
					"$(DEVELOPER_FRAMEWORKS_DIR)",
				);
				GCC_PRECOMPILE_PREFIX_HEADER = YES;
				GCC_PREFIX_HEADER = "Playlist/Playlist-Prefix.pch";
				INFOPLIST_FILE = "PlaylistTests/PlaylistTests-Info.plist";
				PRODUCT_NAME = "$(TARGET_NAME)";
				TEST_HOST = "$(BUNDLE_LOADER)";
				WRAPPER_EXTENSION = xctest;
			};
			name = Release;
		};
/* End XCBuildConfiguration section */

/* Begin XCConfigurationList section */
		263C348319468D0000A42495 /* Build configuration list for PBXProject "Playlist" */ = {
			isa = XCConfigurationList;
			buildConfigurations = (
				263C34B819468D0000A42495 /* Debug */,
				263C34B919468D0000A42495 /* Release */,
			);
			defaultConfigurationIsVisible = 0;
			defaultConfigurationName = Release;
		};
		263C34BA19468D0000A42495 /* Build configuration list for PBXNativeTarget "Playlist" */ = {
			isa = XCConfigurationList;
			buildConfigurations = (
				263C34BB19468D0000A42495 /* Debug */,
				263C34BC19468D0000A42495 /* Release */,
			);
			defaultConfigurationIsVisible = 0;
			defaultConfigurationName = Release;
		};
		263C34BD19468D0000A42495 /* Build configuration list for PBXNativeTarget "PlaylistTests" */ = {
			isa = XCConfigurationList;
			buildConfigurations = (
				263C34BE19468D0000A42495 /* Debug */,
				263C34BF19468D0000A42495 /* Release */,
			);
			defaultConfigurationIsVisible = 0;
			defaultConfigurationName = Release;
		};
/* End XCConfigurationList section */
	};
	rootObject = 263C348019468D0000A42495 /* Project object */;
}
